{
  "name": "perfume_loja_tulipe",
  "version": "2.0.0",
  "lockfileVersion": 3,
  "requires": true,
  "packages": {
    "": {
      "name": "perfume_loja_tulipe",
      "version": "2.0.0",
      "license": "MIT",
      "dependencies": {
        "express": "^4.21.0"
      }
    },
    "node_modules/accepts": {
      "version": "1.3.8",
      "resolved": "https://registry.npmjs.org/accepts/-/accepts-1.3.8.tgz",
      "integrity": "sha512-PYAthTa2m2VKxuvSD3DPC/Gy+U+sOA1LAuT8mkmRuvw+NACSaeXEQ+NHcVF7rONl6qcaxV3Uuemwawk+7+SJLw==",
      "dependencies": {
        "mime-types": "~2.1.34",
        "negotiator": "0.6.3"
      },
      "engines": {
        "node": ">= 0.6"
      }
    },
    "node_modules/body-parser": {
      "version": "1.20.3",
      "resolved": "https://registry.npmjs.org/body-parser/-/body-parser-1.20.3.tgz",
      "integrity": "sha512-7rAxByjUMqQ3/bHJy7D6OGXvx/MMc4IqBn/X0fcM1QUcAItpZrBEYhWGem+tzXH90c+G01ypMcYJBO9Y30203g==",
      "dependencies": {
        "bytes": "3.1.2",
        "content-type": "~1.0.5",
        "debug": "2.6.9",
        "http-errors": "2.0.0",
        "qs": "6.13.0",
        "raw-body": "2.5.2",
        "type-is": "~1.6.18"
      },
      "engines": {
        "node": ">= 0.8",
        "npm": "1.2.8000 || >= 1.4.16"
      }
    },
    "node_modules/express": {
      "version": "4.21.0",
      "resolved": "https://registry.npmjs.org/express/-/express-4.21.0.tgz",
      "integrity": "sha512-VqcNGcj/Id5ZT1LZ/cfihi3ttTn+NJmkli2eZADigjq29qTlWi/hAQ43t/VLPq8+UX06FCEx3ByOYet6ZFblng==",
      "dependencies": {
        "accepts": "~1.3.8",
        "body-parser": "1.20.3",
        "debug": "2.6.9",
        "http-errors": "2.0.0",
        "qs": "6.13.0",
        "send": "0.19.0",
        "serve-static": "1.16.2"
      },
      "engines": {
        "node": ">= 0.10.0"
      }
    }
  }
}
